<?xml version="1.0" encoding="UTF-8"?>
<!DOCTYPE plist PUBLIC "-//Apple//DTD PLIST 1.0//EN" "http://www.apple.com/DTDs/PropertyList-1.0.dtd">
<plist version="1.0">
<dict>
	<key>archiveVersion</key>
	<string>1</string>
	<key>classes</key>
	<dict/>
	<key>objectVersion</key>
	<string>46</string>
	<key>objects</key>
	<dict>
		<key>015578D105ED08CFB2A1485B</key>
		<dict>
			<key>fileEncoding</key>
			<string>4</string>
			<key>isa</key>
			<string>PBXFileReference</string>
			<key>lastKnownFileType</key>
			<string>wrapper.framework</string>
			<key>name</key>
			<string>CoreLocation.framework</string>
			<key>path</key>
			<string>System/Library/Frameworks/CoreLocation.framework</string>
			<key>sourceTree</key>
			<string>SDKROOT</string>
		</dict>
		<key>018B4FEEA54B294E9B932654</key>
		<dict>
			<key>fileRef</key>
			<string>056C97F0FABEB5733A6945F4</string>
			<key>isa</key>
			<string>PBXBuildFile</string>
		</dict>
		<key>04052B235AEDBA0A2446280B</key>
		<dict>
			<key>fileRef</key>
			<string>B1BBA9FA064FFD01C9B51A80</string>
			<key>isa</key>
			<string>PBXBuildFile</string>
		</dict>
		<key>0519CB16EC17C979D8B842A4</key>
		<dict>
			<key>fileEncoding</key>
			<string>4</string>
			<key>isa</key>
			<string>PBXFileReference</string>
			<key>lastKnownFileType</key>
			<string>wrapper.framework</string>
			<key>name</key>
			<string>UIKit.framework</string>
			<key>path</key>
			<string>System/Library/Frameworks/UIKit.framework</string>
			<key>sourceTree</key>
			<string>SDKROOT</string>
		</dict>
		<key>056C97F0FABEB5733A6945F4</key>
		<dict>
			<key>fileEncoding</key>
			<string>4</string>
			<key>isa</key>
			<string>PBXFileReference</string>
			<key>lastKnownFileType</key>
			<string>wrapper.framework</string>
			<key>name</key>
			<string>SystemConfiguration.framework</string>
			<key>path</key>
			<string>System/Library/Frameworks/SystemConfiguration.framework</string>
			<key>sourceTree</key>
			<string>SDKROOT</string>
		</dict>
		<key>05D2FB4908198EDC670F7DCE</key>
		<dict>
			<key>fileEncoding</key>
			<string>4</string>
			<key>isa</key>
			<string>PBXFileReference</string>
			<key>lastKnownFileType</key>
			<string>wrapper.framework</string>
			<key>name</key>
			<string>ImageIO.framework</string>
			<key>path</key>
			<string>System/Library/Frameworks/ImageIO.framework</string>
			<key>sourceTree</key>
			<string>SDKROOT</string>
		</dict>
		<key>094CBCFB1CF292FC0069E782</key>
		<dict>
			<key>isa</key>
			<string>PBXFileReference</string>
			<key>lastKnownFileType</key>
			<string>wrapper.framework</string>
			<key>path</key>
			<string>Masonry.framework</string>
			<key>sourceTree</key>
			<string>&lt;group&gt;</string>
		</dict>
		<key>094CBCFC1CF292FC0069E782</key>
		<dict>
			<key>fileRef</key>
			<string>094CBCFB1CF292FC0069E782</string>
			<key>isa</key>
			<string>PBXBuildFile</string>
		</dict>
		<key>094CBCFD1CF293230069E782</key>
		<dict>
			<key>fileRef</key>
			<string>094CBCFB1CF292FC0069E782</string>
			<key>isa</key>
			<string>PBXBuildFile</string>
		</dict>
		<key>095C8A151C76DDE4008E373A</key>
		<dict>
			<key>children</key>
			<array>
				<string>0972A48F1C803DD30092F525</string>
				<string>095C8A201C76DDE5008E373A</string>
				<string>0972A4931C803EC50092F525</string>
				<string>C201578F42B31D5759D2652A</string>
				<string>96D4EA647090B54DE9872158</string>
				<string>095C8A1F1C76DDE5008E373A</string>
			</array>
			<key>isa</key>
			<string>PBXGroup</string>
			<key>sourceTree</key>
			<string>&lt;group&gt;</string>
		</dict>
		<key>095C8A161C76DDE5008E373A</key>
		<dict>
			<key>attributes</key>
			<dict>
				<key>LastUpgradeCheck</key>
				<string>0720</string>
				<key>ORGANIZATIONNAME</key>
				<string>&#26472;&#24191;</string>
				<key>TargetAttributes</key>
				<dict>
					<key>095C8A1D1C76DDE5008E373A</key>
					<dict>
						<key>CreatedOnToolsVersion</key>
						<string>7.2</string>
					</dict>
				</dict>
			</dict>
			<key>buildConfigurationList</key>
			<string>095C8A191C76DDE5008E373A</string>
			<key>compatibilityVersion</key>
			<string>Xcode 3.2</string>
			<key>developmentRegion</key>
			<string>English</string>
			<key>hasScannedForEncodings</key>
			<string>0</string>
			<key>isa</key>
			<string>PBXProject</string>
			<key>knownRegions</key>
			<array>
				<string>en</string>
			</array>
			<key>mainGroup</key>
			<string>095C8A151C76DDE4008E373A</string>
			<key>productRefGroup</key>
			<string>095C8A1F1C76DDE5008E373A</string>
			<key>projectDirPath</key>
			<string></string>
			<key>projectRoot</key>
			<string></string>
			<key>targets</key>
			<array>
				<string>095C8A1D1C76DDE5008E373A</string>
			</array>
		</dict>
		<key>095C8A191C76DDE5008E373A</key>
		<dict>
			<key>buildConfigurations</key>
			<array>
				<string>095C8A251C76DDE5008E373A</string>
				<string>095C8A261C76DDE5008E373A</string>
			</array>
			<key>defaultConfigurationIsVisible</key>
			<string>0</string>
			<key>defaultConfigurationName</key>
			<string>Release</string>
			<key>isa</key>
			<string>XCConfigurationList</string>
		</dict>
		<key>095C8A1A1C76DDE5008E373A</key>
		<dict>
			<key>buildActionMask</key>
			<string>2147483647</string>
			<key>files</key>
			<array>
				<string>0972A4C41C803EC50092F525</string>
				<string>0972A4C31C803EC50092F525</string>
				<string>0972A4C71C803EC50092F525</string>
				<string>0972A4C51C803EC50092F525</string>
				<string>0972A4C61C803EC50092F525</string>
				<string>095C8A241C76DDE5008E373A</string>
				<string>215965CB1D49FBEC0013B636</string>
			</array>
			<key>isa</key>
			<string>PBXSourcesBuildPhase</string>
			<key>runOnlyForDeploymentPostprocessing</key>
			<string>0</string>
		</dict>
		<key>095C8A1B1C76DDE5008E373A</key>
		<dict>
			<key>buildActionMask</key>
			<string>2147483647</string>
			<key>files</key>
			<array>
				<string>094CBCFC1CF292FC0069E782</string>
				<string>4F23009E331B3373EEA532DA</string>
				<string>14B66D25F460EB406AEDEA0E</string>
				<string>018B4FEEA54B294E9B932654</string>
				<string>1612735EDB47AD2323B54E45</string>
				<string>34ED7815878F880B804E1FEB</string>
				<string>82D68922F3E0CDC224C3AEE1</string>
				<string>C0E3107CB6A991D0762F3FBF</string>
				<string>F9CCE30242B56E67BE22A2B4</string>
				<string>6B342D1DFB13392993C7DA54</string>
				<string>04052B235AEDBA0A2446280B</string>
				<string>8F968D208D5F290752E07C44</string>
				<string>0981E9F1C3045872C1A33C22</string>
				<string>9391FC62589F627FBBE0F455</string>
				<string>F77F1D0DB64033240F3E3A77</string>
				<string>43A70E24ED58868A64332519</string>
				<string>DC3C4F061B27746B270DBAC9</string>
				<string>EE5D243E0147BDFD268CA8FD</string>
				<string>9474C2A7226786E5257B5E9F</string>
				<string>BA89D00B5ED929CF3A51C77B</string>
			</array>
			<key>isa</key>
			<string>PBXFrameworksBuildPhase</string>
			<key>runOnlyForDeploymentPostprocessing</key>
			<string>0</string>
		</dict>
		<key>095C8A1C1C76DDE5008E373A</key>
		<dict>
			<key>buildActionMask</key>
			<string>2147483647</string>
			<key>dstPath</key>
			<string></string>
			<key>dstSubfolderSpec</key>
			<string>16</string>
			<key>files</key>
			<array>
				<string>094CBCFD1CF293230069E782</string>
			</array>
			<key>isa</key>
			<string>PBXCopyFilesBuildPhase</string>
			<key>runOnlyForDeploymentPostprocessing</key>
			<string>0</string>
		</dict>
		<key>095C8A1D1C76DDE5008E373A</key>
		<dict>
			<key>buildConfigurationList</key>
			<string>095C8A271C76DDE5008E373A</string>
			<key>buildPhases</key>
			<array>
				<string>095C8A1A1C76DDE5008E373A</string>
				<string>095C8A1B1C76DDE5008E373A</string>
			</array>
			<key>buildRules</key>
			<array/>
			<key>dependencies</key>
			<array/>
			<key>isa</key>
			<string>PBXNativeTarget</string>
			<key>name</key>
			<string>EUExSecurityKeyboard</string>
			<key>productName</key>
			<string>EUExSecurityKeyboard</string>
			<key>productReference</key>
			<string>095C8A1E1C76DDE5008E373A</string>
			<key>productType</key>
			<string>com.apple.product-type.framework</string>
		</dict>
		<key>095C8A1E1C76DDE5008E373A</key>
		<dict>
			<key>explicitFileType</key>
			<string>archive.ar</string>
			<key>includeInIndex</key>
			<string>0</string>
			<key>isa</key>
			<string>PBXFileReference</string>
			<key>name</key>
			<string>uexSecurityKeyboard.framework</string>
			<key>path</key>
			<string>uexSecurityKeyboard.framework</string>
			<key>sourceTree</key>
			<string>BUILT_PRODUCTS_DIR</string>
		</dict>
		<key>095C8A1F1C76DDE5008E373A</key>
		<dict>
			<key>children</key>
			<array>
				<string>095C8A1E1C76DDE5008E373A</string>
			</array>
			<key>isa</key>
			<string>PBXGroup</string>
			<key>name</key>
			<string>Products</string>
			<key>sourceTree</key>
			<string>&lt;group&gt;</string>
		</dict>
		<key>095C8A201C76DDE5008E373A</key>
		<dict>
			<key>children</key>
			<array>
				<string>095C8A211C76DDE5008E373A</string>
				<string>095C8A231C76DDE5008E373A</string>
			</array>
			<key>isa</key>
			<string>PBXGroup</string>
			<key>path</key>
			<string>EUExSecurityKeyboard</string>
			<key>sourceTree</key>
			<string>&lt;group&gt;</string>
		</dict>
		<key>095C8A211C76DDE5008E373A</key>
		<dict>
			<key>isa</key>
			<string>PBXFileReference</string>
			<key>lastKnownFileType</key>
			<string>sourcecode.c.h</string>
			<key>path</key>
			<string>EUExSecurityKeyboard.h</string>
			<key>sourceTree</key>
			<string>&lt;group&gt;</string>
		</dict>
		<key>095C8A231C76DDE5008E373A</key>
		<dict>
			<key>isa</key>
			<string>PBXFileReference</string>
			<key>lastKnownFileType</key>
			<string>sourcecode.c.objc</string>
			<key>path</key>
			<string>EUExSecurityKeyboard.m</string>
			<key>sourceTree</key>
			<string>&lt;group&gt;</string>
		</dict>
		<key>095C8A241C76DDE5008E373A</key>
		<dict>
			<key>fileRef</key>
			<string>095C8A231C76DDE5008E373A</string>
			<key>isa</key>
			<string>PBXBuildFile</string>
		</dict>
		<key>095C8A251C76DDE5008E373A</key>
		<dict>
			<key>buildSettings</key>
			<dict>
				<key>ALWAYS_SEARCH_USER_PATHS</key>
				<string>NO</string>
				<key>CLANG_CXX_LANGUAGE_STANDARD</key>
				<string>gnu++0x</string>
				<key>CLANG_CXX_LIBRARY</key>
				<string>libc++</string>
				<key>CLANG_ENABLE_MODULES</key>
				<string>YES</string>
				<key>CLANG_ENABLE_OBJC_ARC</key>
				<string>YES</string>
				<key>CLANG_WARN_BOOL_CONVERSION</key>
				<string>YES</string>
				<key>CLANG_WARN_CONSTANT_CONVERSION</key>
				<string>YES</string>
				<key>CLANG_WARN_DIRECT_OBJC_ISA_USAGE</key>
				<string>YES_ERROR</string>
				<key>CLANG_WARN_EMPTY_BODY</key>
				<string>YES</string>
				<key>CLANG_WARN_ENUM_CONVERSION</key>
				<string>YES</string>
				<key>CLANG_WARN_INT_CONVERSION</key>
				<string>YES</string>
				<key>CLANG_WARN_OBJC_ROOT_CLASS</key>
				<string>YES_ERROR</string>
				<key>CLANG_WARN_UNREACHABLE_CODE</key>
				<string>YES</string>
				<key>CLANG_WARN__DUPLICATE_METHOD_MATCH</key>
				<string>YES</string>
				<key>CODE_SIGN_IDENTITY[sdk=iphoneos*]</key>
				<string>iPhone Developer</string>
				<key>COPY_PHASE_STRIP</key>
				<string>NO</string>
				<key>DEBUG_INFORMATION_FORMAT</key>
				<string>dwarf</string>
				<key>ENABLE_STRICT_OBJC_MSGSEND</key>
				<string>YES</string>
				<key>ENABLE_TESTABILITY</key>
				<string>YES</string>
				<key>GCC_C_LANGUAGE_STANDARD</key>
				<string>gnu99</string>
				<key>GCC_DYNAMIC_NO_PIC</key>
				<string>NO</string>
				<key>GCC_NO_COMMON_BLOCKS</key>
				<string>YES</string>
				<key>GCC_OPTIMIZATION_LEVEL</key>
				<string>0</string>
				<key>GCC_PREPROCESSOR_DEFINITIONS</key>
				<array>
					<string>DEBUG=1</string>
					<string>$(inherited)</string>
				</array>
				<key>GCC_WARN_64_TO_32_BIT_CONVERSION</key>
				<string>YES</string>
				<key>GCC_WARN_ABOUT_RETURN_TYPE</key>
				<string>YES_ERROR</string>
				<key>GCC_WARN_UNDECLARED_SELECTOR</key>
				<string>YES</string>
				<key>GCC_WARN_UNINITIALIZED_AUTOS</key>
				<string>YES_AGGRESSIVE</string>
				<key>GCC_WARN_UNUSED_FUNCTION</key>
				<string>YES</string>
				<key>GCC_WARN_UNUSED_VARIABLE</key>
				<string>YES</string>
				<key>IPHONEOS_DEPLOYMENT_TARGET</key>
				<string>8.0</string>
				<key>MTL_ENABLE_DEBUG_INFO</key>
				<string>YES</string>
				<key>ONLY_ACTIVE_ARCH</key>
				<string>YES</string>
				<key>SDKROOT</key>
				<string>iphoneos</string>
				<key>TARGETED_DEVICE_FAMILY</key>
				<string>1,2</string>
			</dict>
			<key>isa</key>
			<string>XCBuildConfiguration</string>
			<key>name</key>
			<string>Debug</string>
		</dict>
		<key>095C8A261C76DDE5008E373A</key>
		<dict>
			<key>buildSettings</key>
			<dict>
				<key>ALWAYS_SEARCH_USER_PATHS</key>
				<string>NO</string>
				<key>CLANG_CXX_LANGUAGE_STANDARD</key>
				<string>gnu++0x</string>
				<key>CLANG_CXX_LIBRARY</key>
				<string>libc++</string>
				<key>CLANG_ENABLE_MODULES</key>
				<string>YES</string>
				<key>CLANG_ENABLE_OBJC_ARC</key>
				<string>YES</string>
				<key>CLANG_WARN_BOOL_CONVERSION</key>
				<string>YES</string>
				<key>CLANG_WARN_CONSTANT_CONVERSION</key>
				<string>YES</string>
				<key>CLANG_WARN_DIRECT_OBJC_ISA_USAGE</key>
				<string>YES_ERROR</string>
				<key>CLANG_WARN_EMPTY_BODY</key>
				<string>YES</string>
				<key>CLANG_WARN_ENUM_CONVERSION</key>
				<string>YES</string>
				<key>CLANG_WARN_INT_CONVERSION</key>
				<string>YES</string>
				<key>CLANG_WARN_OBJC_ROOT_CLASS</key>
				<string>YES_ERROR</string>
				<key>CLANG_WARN_UNREACHABLE_CODE</key>
				<string>YES</string>
				<key>CLANG_WARN__DUPLICATE_METHOD_MATCH</key>
				<string>YES</string>
				<key>CODE_SIGN_IDENTITY[sdk=iphoneos*]</key>
				<string>iPhone Developer</string>
				<key>COPY_PHASE_STRIP</key>
				<string>NO</string>
				<key>DEBUG_INFORMATION_FORMAT</key>
				<string>dwarf</string>
				<key>ENABLE_NS_ASSERTIONS</key>
				<string>NO</string>
				<key>ENABLE_STRICT_OBJC_MSGSEND</key>
				<string>YES</string>
				<key>GCC_C_LANGUAGE_STANDARD</key>
				<string>gnu99</string>
				<key>GCC_NO_COMMON_BLOCKS</key>
				<string>YES</string>
				<key>GCC_WARN_64_TO_32_BIT_CONVERSION</key>
				<string>YES</string>
				<key>GCC_WARN_ABOUT_RETURN_TYPE</key>
				<string>YES_ERROR</string>
				<key>GCC_WARN_UNDECLARED_SELECTOR</key>
				<string>YES</string>
				<key>GCC_WARN_UNINITIALIZED_AUTOS</key>
				<string>YES_AGGRESSIVE</string>
				<key>GCC_WARN_UNUSED_FUNCTION</key>
				<string>YES</string>
				<key>GCC_WARN_UNUSED_VARIABLE</key>
				<string>YES</string>
				<key>IPHONEOS_DEPLOYMENT_TARGET</key>
				<string>8.0</string>
				<key>MTL_ENABLE_DEBUG_INFO</key>
				<string>NO</string>
				<key>SDKROOT</key>
				<string>iphoneos</string>
				<key>TARGETED_DEVICE_FAMILY</key>
				<string>1,2</string>
				<key>VALIDATE_PRODUCT</key>
				<string>YES</string>
			</dict>
			<key>isa</key>
			<string>XCBuildConfiguration</string>
			<key>name</key>
			<string>Release</string>
		</dict>
		<key>095C8A271C76DDE5008E373A</key>
		<dict>
			<key>buildConfigurations</key>
			<array>
				<string>095C8A281C76DDE5008E373A</string>
				<string>095C8A291C76DDE5008E373A</string>
			</array>
			<key>defaultConfigurationIsVisible</key>
			<string>0</string>
			<key>defaultConfigurationName</key>
			<string>Release</string>
			<key>isa</key>
			<string>XCConfigurationList</string>
		</dict>
		<key>095C8A281C76DDE5008E373A</key>
		<dict>
			<key>buildSettings</key>
			<dict>
				<key>BUNDLE_IDENTIFIER</key>
				<string>com.zywx.runner</string>
				<key>CONFIGURATION_BUILD_DIR</key>
				<string>$(SRCROOT)/uexSecurityKeyboard/IDE/</string>
				<key>DEBUG_INFORMATION_FORMAT</key>
				<string>dwarf</string>
				<key>DEFINES_MODULE</key>
				<string>YES</string>
				<key>DYLIB_COMPATIBILITY_VERSION</key>
				<string>1</string>
				<key>DYLIB_CURRENT_VERSION</key>
				<string>1</string>
				<key>DYLIB_INSTALL_NAME_BASE</key>
				<string>@rpath</string>
				<key>ENABLE_BITCODE</key>
				<string>NO</string>
				<key>FRAMEWORK_SEARCH_PATHS</key>
				<array>
					<string>$(inherited)</string>
					<string>$(PROJECT_DIR)/EUExSecurityKeyboard/sourceCode</string>
					<string>$(PROJECT_DIR)</string>
					<string>$(SRCROOT)/../../AppCanPluginTools-iOS/resource/IDEPluginProjectPackageResource</string>
				</array>
				<key>HEADER_SEARCH_PATHS</key>
				<array>
					<string>$(SRCROOT)/../../AppCanPluginTools-iOS/resource/IDEPluginProjectPackageResource</string>
				</array>
				<key>INFOPLIST_FILE</key>
				<string>$(SRCROOT)/../../AppCanPluginTools-iOS/resource/IDEPluginProjectPackageResource/info.plist</string>
				<key>INSTALL_PATH</key>
				<string>$(LOCAL_LIBRARY_DIR)/Frameworks</string>
				<key>IPHONEOS_DEPLOYMENT_TARGET</key>
				<string>8.0</string>
				<key>LD_RUNPATH_SEARCH_PATHS</key>
				<array>
					<string>$(inherited)</string>
					<string>@executable_path/Frameworks</string>
					<string>@executable_path</string>
					<string>@loader_path/Frameworks</string>
					<string>@loader_path</string>
				</array>
				<key>LIBRARY_SEARCH_PATHS</key>
				<array>
					<string>$(inherited)</string>
					<string>$(SRCROOT)/../../AppCanPluginTools-iOS/resource/IDEPluginProjectPackageResource</string>
				</array>
				<key>OTHER_LDFLAGS</key>
				<array>
					<string>-ObjC</string>
					<string>$(SRCROOT)/../../AppCanPluginTools-iOS/resource/IDEPluginProjectPackageResource/AppCanKit.framework/AppCanKit</string>
				</array>
				<key>PRODUCT_NAME</key>
				<string>uexSecurityKeyboard</string>
				<key>PROVISIONING_PROFILE</key>
				<string>3046553f-5c0d-4f94-8f3c-dd49ce267880</string>
				<key>SKIP_INSTALL</key>
				<string>YES</string>
			</dict>
			<key>isa</key>
			<string>XCBuildConfiguration</string>
			<key>name</key>
			<string>Debug</string>
		</dict>
		<key>095C8A291C76DDE5008E373A</key>
		<dict>
			<key>buildSettings</key>
			<dict>
				<key>BUNDLE_IDENTIFIER</key>
				<string>com.zywx.runner</string>
				<key>CONFIGURATION_BUILD_DIR</key>
				<string>$(SRCROOT)/uexSecurityKeyboard/IDE/</string>
				<key>DEBUG_INFORMATION_FORMAT</key>
				<string>dwarf</string>
				<key>DEFINES_MODULE</key>
				<string>YES</string>
				<key>DYLIB_COMPATIBILITY_VERSION</key>
				<string>1</string>
				<key>DYLIB_CURRENT_VERSION</key>
				<string>1</string>
				<key>DYLIB_INSTALL_NAME_BASE</key>
				<string>@rpath</string>
				<key>ENABLE_BITCODE</key>
				<string>NO</string>
				<key>FRAMEWORK_SEARCH_PATHS</key>
				<array>
					<string>$(inherited)</string>
					<string>$(PROJECT_DIR)/EUExSecurityKeyboard/sourceCode</string>
					<string>$(PROJECT_DIR)</string>
					<string>$(SRCROOT)/../../AppCanPluginTools-iOS/resource/IDEPluginProjectPackageResource</string>
				</array>
				<key>HEADER_SEARCH_PATHS</key>
				<array>
					<string>$(SRCROOT)/../../AppCanPluginTools-iOS/resource/IDEPluginProjectPackageResource</string>
				</array>
				<key>INFOPLIST_FILE</key>
				<string>$(SRCROOT)/../../AppCanPluginTools-iOS/resource/IDEPluginProjectPackageResource/info.plist</string>
				<key>INSTALL_PATH</key>
				<string>$(LOCAL_LIBRARY_DIR)/Frameworks</string>
				<key>IPHONEOS_DEPLOYMENT_TARGET</key>
				<string>8.0</string>
				<key>LD_RUNPATH_SEARCH_PATHS</key>
				<array>
					<string>$(inherited)</string>
					<string>@executable_path/Frameworks</string>
					<string>@executable_path</string>
					<string>@loader_path/Frameworks</string>
					<string>@loader_path</string>
				</array>
				<key>LIBRARY_SEARCH_PATHS</key>
				<array>
					<string>$(inherited)</string>
					<string>$(SRCROOT)/../../AppCanPluginTools-iOS/resource/IDEPluginProjectPackageResource</string>
				</array>
				<key>OTHER_LDFLAGS</key>
				<array>
					<string>-ObjC</string>
					<string>$(SRCROOT)/../../AppCanPluginTools-iOS/resource/IDEPluginProjectPackageResource/AppCanKit.framework/AppCanKit</string>
				</array>
				<key>PRODUCT_NAME</key>
				<string>uexSecurityKeyboard</string>
				<key>PROVISIONING_PROFILE</key>
				<string>3046553f-5c0d-4f94-8f3c-dd49ce267880</string>
				<key>SKIP_INSTALL</key>
				<string>YES</string>
			</dict>
			<key>isa</key>
			<string>XCBuildConfiguration</string>
			<key>name</key>
			<string>Release</string>
		</dict>
		<key>0972A48F1C803DD30092F525</key>
		<dict>
			<key>children</key>
			<array>
				<string>0972A4911C803DD30092F525</string>
				<string>0972A4921C803DD30092F525</string>
			</array>
			<key>isa</key>
			<string>PBXGroup</string>
			<key>name</key>
			<string>engineHeader</string>
			<key>path</key>
			<string>EUExSecurityKeyboard/engineHeader</string>
			<key>sourceTree</key>
			<string>&lt;group&gt;</string>
		</dict>
		<key>0972A4911C803DD30092F525</key>
		<dict>
			<key>fileEncoding</key>
			<string>4</string>
			<key>isa</key>
			<string>PBXFileReference</string>
			<key>lastKnownFileType</key>
			<string>sourcecode.c.h</string>
			<key>path</key>
			<string>EUExBaseDefine.h</string>
			<key>sourceTree</key>
			<string>&lt;group&gt;</string>
		</dict>
		<key>0972A4921C803DD30092F525</key>
		<dict>
			<key>fileEncoding</key>
			<string>4</string>
			<key>isa</key>
			<string>PBXFileReference</string>
			<key>lastKnownFileType</key>
			<string>sourcecode.c.h</string>
			<key>path</key>
			<string>EUtility.h</string>
			<key>sourceTree</key>
			<string>&lt;group&gt;</string>
		</dict>
		<key>0972A4931C803EC50092F525</key>
		<dict>
			<key>children</key>
			<array>
				<string>2153D5181D22619D00A846F3</string>
				<string>094CBCFB1CF292FC0069E782</string>
				<string>0972A4941C803EC50092F525</string>
			</array>
			<key>isa</key>
			<string>PBXGroup</string>
			<key>name</key>
			<string>sourceCode</string>
			<key>path</key>
			<string>EUExSecurityKeyboard/sourceCode</string>
			<key>sourceTree</key>
			<string>&lt;group&gt;</string>
		</dict>
		<key>0972A4941C803EC50092F525</key>
		<dict>
			<key>children</key>
			<array>
				<string>0972A4951C803EC50092F525</string>
				<string>0972A4961C803EC50092F525</string>
				<string>0972A4971C803EC50092F525</string>
				<string>0972A4981C803EC50092F525</string>
				<string>0972A4991C803EC50092F525</string>
				<string>0972A49A1C803EC50092F525</string>
				<string>0972A49B1C803EC50092F525</string>
				<string>0972A49C1C803EC50092F525</string>
				<string>0972A49D1C803EC50092F525</string>
				<string>0972A49E1C803EC50092F525</string>
				<string>215965C91D49FBEC0013B636</string>
				<string>215965CA1D49FBEC0013B636</string>
			</array>
			<key>isa</key>
			<string>PBXGroup</string>
			<key>path</key>
			<string>CustomKeyboard</string>
			<key>sourceTree</key>
			<string>&lt;group&gt;</string>
		</dict>
		<key>0972A4951C803EC50092F525</key>
		<dict>
			<key>fileEncoding</key>
			<string>4</string>
			<key>isa</key>
			<string>PBXFileReference</string>
			<key>lastKnownFileType</key>
			<string>sourcecode.c.h</string>
			<key>path</key>
			<string>CustomBigCharKeyboard.h</string>
			<key>sourceTree</key>
			<string>&lt;group&gt;</string>
		</dict>
		<key>0972A4961C803EC50092F525</key>
		<dict>
			<key>fileEncoding</key>
			<string>4</string>
			<key>isa</key>
			<string>PBXFileReference</string>
			<key>lastKnownFileType</key>
			<string>sourcecode.c.objc</string>
			<key>path</key>
			<string>CustomBigCharKeyboard.m</string>
			<key>sourceTree</key>
			<string>&lt;group&gt;</string>
		</dict>
		<key>0972A4971C803EC50092F525</key>
		<dict>
			<key>fileEncoding</key>
			<string>4</string>
			<key>isa</key>
			<string>PBXFileReference</string>
			<key>lastKnownFileType</key>
			<string>sourcecode.c.h</string>
			<key>path</key>
			<string>CustomCharKeyboard.h</string>
			<key>sourceTree</key>
			<string>&lt;group&gt;</string>
		</dict>
		<key>0972A4981C803EC50092F525</key>
		<dict>
			<key>fileEncoding</key>
			<string>4</string>
			<key>isa</key>
			<string>PBXFileReference</string>
			<key>lastKnownFileType</key>
			<string>sourcecode.c.objc</string>
			<key>path</key>
			<string>CustomCharKeyboard.m</string>
			<key>sourceTree</key>
			<string>&lt;group&gt;</string>
		</dict>
		<key>0972A4991C803EC50092F525</key>
		<dict>
			<key>fileEncoding</key>
			<string>4</string>
			<key>isa</key>
			<string>PBXFileReference</string>
			<key>lastKnownFileType</key>
			<string>sourcecode.c.h</string>
			<key>path</key>
			<string>CustomNumberKeyboard.h</string>
			<key>sourceTree</key>
			<string>&lt;group&gt;</string>
		</dict>
		<key>0972A49A1C803EC50092F525</key>
		<dict>
			<key>fileEncoding</key>
			<string>4</string>
			<key>isa</key>
			<string>PBXFileReference</string>
			<key>lastKnownFileType</key>
			<string>sourcecode.c.objc</string>
			<key>path</key>
			<string>CustomNumberKeyboard.m</string>
			<key>sourceTree</key>
			<string>&lt;group&gt;</string>
		</dict>
		<key>0972A49B1C803EC50092F525</key>
		<dict>
			<key>fileEncoding</key>
			<string>4</string>
			<key>isa</key>
			<string>PBXFileReference</string>
			<key>lastKnownFileType</key>
			<string>sourcecode.c.h</string>
			<key>path</key>
			<string>PureNumberKeyboard.h</string>
			<key>sourceTree</key>
			<string>&lt;group&gt;</string>
		</dict>
		<key>0972A49C1C803EC50092F525</key>
		<dict>
			<key>fileEncoding</key>
			<string>4</string>
			<key>isa</key>
			<string>PBXFileReference</string>
			<key>lastKnownFileType</key>
			<string>sourcecode.c.objc</string>
			<key>path</key>
			<string>PureNumberKeyboard.m</string>
			<key>sourceTree</key>
			<string>&lt;group&gt;</string>
		</dict>
		<key>0972A49D1C803EC50092F525</key>
		<dict>
			<key>fileEncoding</key>
			<string>4</string>
			<key>isa</key>
			<string>PBXFileReference</string>
			<key>lastKnownFileType</key>
			<string>sourcecode.c.h</string>
			<key>path</key>
			<string>SymbolKeyboard.h</string>
			<key>sourceTree</key>
			<string>&lt;group&gt;</string>
		</dict>
		<key>0972A49E1C803EC50092F525</key>
		<dict>
			<key>fileEncoding</key>
			<string>4</string>
			<key>isa</key>
			<string>PBXFileReference</string>
			<key>lastKnownFileType</key>
			<string>sourcecode.c.objc</string>
			<key>path</key>
			<string>SymbolKeyboard.m</string>
			<key>sourceTree</key>
			<string>&lt;group&gt;</string>
		</dict>
		<key>0972A4C31C803EC50092F525</key>
		<dict>
			<key>fileRef</key>
			<string>0972A4961C803EC50092F525</string>
			<key>isa</key>
			<string>PBXBuildFile</string>
		</dict>
		<key>0972A4C41C803EC50092F525</key>
		<dict>
			<key>fileRef</key>
			<string>0972A4981C803EC50092F525</string>
			<key>isa</key>
			<string>PBXBuildFile</string>
		</dict>
		<key>0972A4C51C803EC50092F525</key>
		<dict>
			<key>fileRef</key>
			<string>0972A49A1C803EC50092F525</string>
			<key>isa</key>
			<string>PBXBuildFile</string>
		</dict>
		<key>0972A4C61C803EC50092F525</key>
		<dict>
			<key>fileRef</key>
			<string>0972A49C1C803EC50092F525</string>
			<key>isa</key>
			<string>PBXBuildFile</string>
		</dict>
		<key>0972A4C71C803EC50092F525</key>
		<dict>
			<key>fileRef</key>
			<string>0972A49E1C803EC50092F525</string>
			<key>isa</key>
			<string>PBXBuildFile</string>
		</dict>
		<key>0981E9F1C3045872C1A33C22</key>
		<dict>
			<key>fileRef</key>
			<string>7C40535BDD66AE2C7CCF5D47</string>
			<key>isa</key>
			<string>PBXBuildFile</string>
		</dict>
		<key>14B66D25F460EB406AEDEA0E</key>
		<dict>
			<key>fileRef</key>
			<string>9F90DF254A1DD71514CA394A</string>
			<key>isa</key>
			<string>PBXBuildFile</string>
		</dict>
		<key>1612735EDB47AD2323B54E45</key>
		<dict>
			<key>fileRef</key>
			<string>05D2FB4908198EDC670F7DCE</string>
			<key>isa</key>
			<string>PBXBuildFile</string>
		</dict>
		<key>1C046174AEE9E77CEB09304A</key>
		<dict>
			<key>fileEncoding</key>
			<string>4</string>
			<key>isa</key>
			<string>PBXFileReference</string>
			<key>lastKnownFileType</key>
			<string>wrapper.framework</string>
			<key>name</key>
			<string>QuartzCore.framework</string>
			<key>path</key>
			<string>System/Library/Frameworks/QuartzCore.framework</string>
			<key>sourceTree</key>
			<string>SDKROOT</string>
		</dict>
		<key>1C8EC480C7CE0E5A311B6C39</key>
		<dict>
			<key>fileEncoding</key>
			<string>4</string>
			<key>isa</key>
			<string>PBXFileReference</string>
			<key>lastKnownFileType</key>
			<string>archive.ar</string>
			<key>name</key>
			<string>libstdc++.tbd</string>
			<key>path</key>
			<string>usr/lib/libstdc++.tbd</string>
			<key>sourceTree</key>
			<string>SDKROOT</string>
		</dict>
		<key>1FF488C608DC4EFFE1B081BD</key>
		<dict>
			<key>fileEncoding</key>
			<string>4</string>
			<key>isa</key>
			<string>PBXFileReference</string>
			<key>lastKnownFileType</key>
			<string>wrapper.framework</string>
			<key>name</key>
			<string>MobileCoreServices.framework</string>
			<key>path</key>
			<string>System/Library/Frameworks/MobileCoreServices.framework</string>
			<key>sourceTree</key>
			<string>SDKROOT</string>
		</dict>
		<key>2153D5191D22619D00A846F3</key>
		<dict>
			<key>fileRef</key>
			<string>2153D5181D22619D00A846F3</string>
			<key>isa</key>
			<string>PBXBuildFile</string>
		</dict>
		<key>215965C91D49FBEC0013B636</key>
		<dict>
			<key>fileEncoding</key>
			<string>4</string>
			<key>isa</key>
			<string>PBXFileReference</string>
			<key>lastKnownFileType</key>
			<string>sourcecode.c.h</string>
			<key>path</key>
			<string>CustomUITextField.h</string>
			<key>sourceTree</key>
			<string>&lt;group&gt;</string>
		</dict>
		<key>215965CA1D49FBEC0013B636</key>
		<dict>
			<key>fileEncoding</key>
			<string>4</string>
			<key>isa</key>
			<string>PBXFileReference</string>
			<key>lastKnownFileType</key>
			<string>sourcecode.c.objc</string>
			<key>path</key>
			<string>CustomUITextField.m</string>
			<key>sourceTree</key>
			<string>&lt;group&gt;</string>
		</dict>
		<key>215965CB1D49FBEC0013B636</key>
		<dict>
			<key>fileRef</key>
			<string>215965CA1D49FBEC0013B636</string>
			<key>isa</key>
			<string>PBXBuildFile</string>
		</dict>
		<key>34ED7815878F880B804E1FEB</key>
		<dict>
			<key>fileRef</key>
			<string>FB4FD865CBC32A85D3492B3E</string>
			<key>isa</key>
			<string>PBXBuildFile</string>
		</dict>
		<key>43A70E24ED58868A64332519</key>
		<dict>
			<key>fileRef</key>
			<string>E6CA91A60E9A6074C9239AC4</string>
			<key>isa</key>
			<string>PBXBuildFile</string>
		</dict>
		<key>452E0547EAC5EB805FBBE1FE</key>
		<dict>
			<key>fileEncoding</key>
			<string>4</string>
			<key>isa</key>
			<string>PBXFileReference</string>
			<key>lastKnownFileType</key>
			<string>wrapper.framework</string>
			<key>name</key>
			<string>Accelerate.framework</string>
			<key>path</key>
			<string>System/Library/Frameworks/Accelerate.framework</string>
			<key>sourceTree</key>
			<string>SDKROOT</string>
		</dict>
		<key>4BCDBB2F0AC4459B911C7D78</key>
		<dict>
			<key>fileEncoding</key>
			<string>4</string>
			<key>isa</key>
			<string>PBXFileReference</string>
			<key>lastKnownFileType</key>
			<string>text.plist.strings</string>
			<key>name</key>
			<string>info.plist</string>
			<key>path</key>
			<string>../../../AppCanPluginTools-iOS/resource/IDEPluginProjectPackageResource/info.plist</string>
			<key>sourceTree</key>
			<string>&lt;group&gt;</string>
		</dict>
		<key>4F23009E331B3373EEA532DA</key>
		<dict>
			<key>fileRef</key>
			<string>9C49EF02286574BA476DB0D4</string>
			<key>isa</key>
			<string>PBXBuildFile</string>
		</dict>
		<key>642BEDA52CC011C6AE3EC16C</key>
		<dict>
			<key>fileEncoding</key>
			<string>4</string>
			<key>isa</key>
			<string>PBXFileReference</string>
			<key>lastKnownFileType</key>
			<string>wrapper.framework</string>
			<key>name</key>
			<string>AppCanEngine.framework</string>
			<key>path</key>
			<string>../../../AppCanPluginTools-iOS/resource/IDEPluginProjectPackageResource/AppCanEngine.framework</string>
			<key>sourceTree</key>
			<string>&lt;group&gt;</string>
		</dict>
		<key>6B342D1DFB13392993C7DA54</key>
		<dict>
			<key>fileRef</key>
			<string>1C046174AEE9E77CEB09304A</string>
			<key>isa</key>
			<string>PBXBuildFile</string>
		</dict>
		<key>7C40535BDD66AE2C7CCF5D47</key>
		<dict>
			<key>fileEncoding</key>
			<string>4</string>
			<key>isa</key>
			<string>PBXFileReference</string>
			<key>lastKnownFileType</key>
			<string>wrapper.framework</string>
			<key>name</key>
			<string>MessageUI.framework</string>
			<key>path</key>
			<string>System/Library/Frameworks/MessageUI.framework</string>
			<key>sourceTree</key>
			<string>SDKROOT</string>
		</dict>
		<key>82D68922F3E0CDC224C3AEE1</key>
		<dict>
			<key>fileRef</key>
			<string>1FF488C608DC4EFFE1B081BD</string>
			<key>isa</key>
			<string>PBXBuildFile</string>
		</dict>
		<key>8F968D208D5F290752E07C44</key>
		<dict>
			<key>fileRef</key>
			<string>015578D105ED08CFB2A1485B</string>
			<key>isa</key>
			<string>PBXBuildFile</string>
		</dict>
		<key>9391FC62589F627FBBE0F455</key>
		<dict>
			<key>fileRef</key>
			<string>452E0547EAC5EB805FBBE1FE</string>
			<key>isa</key>
			<string>PBXBuildFile</string>
		</dict>
		<key>9474C2A7226786E5257B5E9F</key>
		<dict>
			<key>fileRef</key>
			<string>E16C2C64A900785896786086</string>
			<key>isa</key>
			<string>PBXBuildFile</string>
		</dict>
		<key>96D4EA647090B54DE9872158</key>
		<dict>
			<key>children</key>
			<array>
				<string>642BEDA52CC011C6AE3EC16C</string>
				<string>4BCDBB2F0AC4459B911C7D78</string>
			</array>
			<key>isa</key>
			<string>PBXGroup</string>
			<key>path</key>
			<string>AppCanEngine</string>
			<key>sourceTree</key>
			<string>&lt;group&gt;</string>
		</dict>
		<key>9C49EF02286574BA476DB0D4</key>
		<dict>
			<key>fileEncoding</key>
			<string>4</string>
			<key>isa</key>
			<string>PBXFileReference</string>
			<key>lastKnownFileType</key>
			<string>wrapper.framework</string>
			<key>name</key>
			<string>MapKit.framework</string>
			<key>path</key>
			<string>System/Library/Frameworks/MapKit.framework</string>
			<key>sourceTree</key>
			<string>SDKROOT</string>
		</dict>
		<key>9F90DF254A1DD71514CA394A</key>
		<dict>
			<key>fileEncoding</key>
			<string>4</string>
			<key>isa</key>
			<string>PBXFileReference</string>
			<key>lastKnownFileType</key>
			<string>wrapper.framework</string>
			<key>name</key>
			<string>AudioToolbox.framework</string>
			<key>path</key>
			<string>System/Library/Frameworks/AudioToolbox.framework</string>
			<key>sourceTree</key>
			<string>SDKROOT</string>
		</dict>
		<key>B1BBA9FA064FFD01C9B51A80</key>
		<dict>
			<key>fileEncoding</key>
			<string>4</string>
			<key>isa</key>
			<string>PBXFileReference</string>
			<key>lastKnownFileType</key>
			<string>wrapper.framework</string>
			<key>name</key>
			<string>CoreImage.framework</string>
			<key>path</key>
			<string>System/Library/Frameworks/CoreImage.framework</string>
			<key>sourceTree</key>
			<string>SDKROOT</string>
		</dict>
		<key>BA89D00B5ED929CF3A51C77B</key>
		<dict>
			<key>fileRef</key>
			<string>642BEDA52CC011C6AE3EC16C</string>
			<key>isa</key>
			<string>PBXBuildFile</string>
		</dict>
		<key>C06E5BC60E4A502F9562263D</key>
		<dict>
			<key>fileEncoding</key>
			<string>4</string>
			<key>isa</key>
			<string>PBXFileReference</string>
			<key>lastKnownFileType</key>
			<string>wrapper.framework</string>
			<key>name</key>
			<string>AVFoundation.framework</string>
			<key>path</key>
			<string>System/Library/Frameworks/AVFoundation.framework</string>
			<key>sourceTree</key>
			<string>SDKROOT</string>
		</dict>
		<key>C0E3107CB6A991D0762F3FBF</key>
		<dict>
			<key>fileRef</key>
			<string>0519CB16EC17C979D8B842A4</string>
			<key>isa</key>
			<string>PBXBuildFile</string>
		</dict>
		<key>C201578F42B31D5759D2652A</key>
		<dict>
			<key>children</key>
			<array>
				<string>9C49EF02286574BA476DB0D4</string>
				<string>9F90DF254A1DD71514CA394A</string>
				<string>056C97F0FABEB5733A6945F4</string>
				<string>05D2FB4908198EDC670F7DCE</string>
				<string>FB4FD865CBC32A85D3492B3E</string>
				<string>1FF488C608DC4EFFE1B081BD</string>
				<string>0519CB16EC17C979D8B842A4</string>
				<string>F55B9E85551B0D73B542BA63</string>
				<string>1C046174AEE9E77CEB09304A</string>
				<string>B1BBA9FA064FFD01C9B51A80</string>
				<string>015578D105ED08CFB2A1485B</string>
				<string>7C40535BDD66AE2C7CCF5D47</string>
				<string>452E0547EAC5EB805FBBE1FE</string>
				<string>C06E5BC60E4A502F9562263D</string>
				<string>E6CA91A60E9A6074C9239AC4</string>
				<string>1C8EC480C7CE0E5A311B6C39</string>
				<string>F8A40D7E12E67BBE1657FEB6</string>
				<string>E16C2C64A900785896786086</string>
			</array>
			<key>isa</key>
			<string>PBXGroup</string>
			<key>path</key>
			<string>IDE-Frameworks</string>
			<key>sourceTree</key>
			<string>&lt;group&gt;</string>
		</dict>
		<key>DC3C4F061B27746B270DBAC9</key>
		<dict>
			<key>fileRef</key>
			<string>1C8EC480C7CE0E5A311B6C39</string>
			<key>isa</key>
			<string>PBXBuildFile</string>
		</dict>
		<key>E16C2C64A900785896786086</key>
		<dict>
			<key>fileEncoding</key>
			<string>4</string>
			<key>isa</key>
			<string>PBXFileReference</string>
			<key>lastKnownFileType</key>
			<string>archive.ar</string>
			<key>name</key>
			<string>libz.tbd</string>
			<key>path</key>
			<string>usr/lib/libz.tbd</string>
			<key>sourceTree</key>
			<string>SDKROOT</string>
		</dict>
		<key>E6CA91A60E9A6074C9239AC4</key>
		<dict>
			<key>fileEncoding</key>
			<string>4</string>
			<key>isa</key>
			<string>PBXFileReference</string>
			<key>lastKnownFileType</key>
			<string>archive.ar</string>
			<key>name</key>
			<string>libc++.tbd</string>
			<key>path</key>
			<string>usr/lib/libc++.tbd</string>
			<key>sourceTree</key>
			<string>SDKROOT</string>
		</dict>
		<key>EE5D243E0147BDFD268CA8FD</key>
		<dict>
			<key>fileRef</key>
			<string>F8A40D7E12E67BBE1657FEB6</string>
			<key>isa</key>
			<string>PBXBuildFile</string>
		</dict>
		<key>F55B9E85551B0D73B542BA63</key>
		<dict>
			<key>fileEncoding</key>
			<string>4</string>
			<key>isa</key>
			<string>PBXFileReference</string>
			<key>lastKnownFileType</key>
			<string>wrapper.framework</string>
			<key>name</key>
			<string>CoreGraphics.framework</string>
			<key>path</key>
			<string>System/Library/Frameworks/CoreGraphics.framework</string>
			<key>sourceTree</key>
			<string>SDKROOT</string>
		</dict>
		<key>F77F1D0DB64033240F3E3A77</key>
		<dict>
			<key>fileRef</key>
			<string>C06E5BC60E4A502F9562263D</string>
			<key>isa</key>
			<string>PBXBuildFile</string>
		</dict>
		<key>F8A40D7E12E67BBE1657FEB6</key>
		<dict>
			<key>fileEncoding</key>
			<string>4</string>
			<key>isa</key>
			<string>PBXFileReference</string>
			<key>lastKnownFileType</key>
			<string>archive.ar</string>
			<key>name</key>
			<string>libsqlite3.tbd</string>
			<key>path</key>
			<string>usr/lib/libsqlite3.tbd</string>
			<key>sourceTree</key>
			<string>SDKROOT</string>
		</dict>
		<key>F9CCE30242B56E67BE22A2B4</key>
		<dict>
			<key>fileRef</key>
			<string>F55B9E85551B0D73B542BA63</string>
			<key>isa</key>
			<string>PBXBuildFile</string>
		</dict>
		<key>FB4FD865CBC32A85D3492B3E</key>
		<dict>
			<key>fileEncoding</key>
			<string>4</string>
			<key>isa</key>
			<string>PBXFileReference</string>
			<key>lastKnownFileType</key>
			<string>wrapper.framework</string>
			<key>name</key>
			<string>CFNetWork.framework</string>
			<key>path</key>
			<string>System/Library/Frameworks/CFNetWork.framework</string>
			<key>sourceTree</key>
			<string>SDKROOT</string>
		</dict>
	</dict>
	<key>rootObject</key>
	<string>095C8A161C76DDE5008E373A</string>
</dict>
</plist>
